
Microsoft Visual Studio Solution File, Format Version 12.00
# Visual Studio Version 17
VisualStudioVersion = 17.0.32112.339
MinimumVisualStudioVersion = 10.0.40219.1
Project("{9A19103F-16F7-4668-BE54-9A1E7A4F7556}") = "AlarmClockWeb", "AlarmClockWeb\AlarmClockWeb.csproj", "{7E536E62-B1DE-4F4F-AA70-193235DD1AFD}"
EndProject
Project("{2150E333-8FDC-42A3-9474-1A3956D46DE8}") = "MIsc", "MIsc", "{AA6253F0-7DCE-4BAD-8DEC-EC9895164F08}"
	ProjectSection(SolutionItems) = preProject
		.gitignore = .gitignore
	EndProjectSection
EndProject
Global
	GlobalSection(SolutionConfigurationPlatforms) = preSolution
		Debug|Any CPU = Debug|Any CPU
		FileDemo.Debug|Any CPU = FileDemo.Debug|Any CPU
		FileDemo.Release|Any CPU = FileDemo.Release|Any CPU
		MicDemo.Debug|Any CPU = MicDemo.Debug|Any CPU
		MicDemo.Release|Any CPU = MicDemo.Release|Any CPU
		Release|Any CPU = Release|Any CPU
	EndGlobalSection
	GlobalSection(ProjectConfigurationPlatforms) = postSolution
		{7E536E62-B1DE-4F4F-AA70-193235DD1AFD}.Debug|Any CPU.ActiveCfg = Debug|Any CPU
		{7E536E62-B1DE-4F4F-AA70-193235DD1AFD}.Debug|Any CPU.Build.0 = Debug|Any CPU
		{7E536E62-B1DE-4F4F-AA70-193235DD1AFD}.FileDemo.Debug|Any CPU.ActiveCfg = Debug|Any CPU
		{7E536E62-B1DE-4F4F-AA70-193235DD1AFD}.FileDemo.Debug|Any CPU.Build.0 = Debug|Any CPU
		{7E536E62-B1DE-4F4F-AA70-193235DD1AFD}.FileDemo.Release|Any CPU.ActiveCfg = Release|Any CPU
		{7E536E62-B1DE-4F4F-AA70-193235DD1AFD}.FileDemo.Release|Any CPU.Build.0 = Release|Any CPU
		{7E536E62-B1DE-4F4F-AA70-193235DD1AFD}.MicDemo.Debug|Any CPU.ActiveCfg = Debug|Any CPU
		{7E536E62-B1DE-4F4F-AA70-193235DD1AFD}.MicDemo.Debug|Any CPU.Build.0 = Debug|Any CPU
		{7E536E62-B1DE-4F4F-AA70-193235DD1AFD}.MicDemo.Release|Any CPU.ActiveCfg = Release|Any CPU
		{7E536E62-B1DE-4F4F-AA70-193235DD1AFD}.MicDemo.Release|Any CPU.Build.0 = Release|Any CPU
		{7E536E62-B1DE-4F4F-AA70-193235DD1AFD}.Release|Any CPU.ActiveCfg = Release|Any CPU
		{7E536E62-B1DE-4F4F-AA70-193235DD1AFD}.Release|Any CPU.Build.0 = Release|Any CPU
	EndGlobalSection
	GlobalSection(SolutionProperties) = preSolution
		HideSolutionNode = FALSE
	EndGlobalSection
	GlobalSection(ExtensibilityGlobals) = postSolution
		SolutionGuid = {58C2A60D-831F-4C36-9B8A-EEAA2272B691}
	EndGlobalSection
EndGlobal
