
Microsoft Visual Studio Solution File, Format Version 12.00
# Visual Studio Version 17
VisualStudioVersion = 17.5.002.0
MinimumVisualStudioVersion = 10.0.40219.1
Project("{9A19103F-16F7-4668-BE54-9A1E7A4F7556}") = "AlarmClockWeb", "AlarmClockWeb.csproj", "{F185E8E6-860C-475C-9232-62FDD4080279}"
EndProject
Project("{9A19103F-16F7-4668-BE54-9A1E7A4F7556}") = "MpcCore", "MPD\MpcCore.csproj", "{684A5BDE-A8AF-48DF-A5E4-B028A486DFBF}"
EndProject
Global
	GlobalSection(SolutionConfigurationPlatforms) = preSolution
		Debug|Any CPU = Debug|Any CPU
		Release|Any CPU = Release|Any CPU
	EndGlobalSection
	GlobalSection(ProjectConfigurationPlatforms) = postSolution
		{F185E8E6-860C-475C-9232-62FDD4080279}.Debug|Any CPU.ActiveCfg = Debug|Any CPU
		{F185E8E6-860C-475C-9232-62FDD4080279}.Debug|Any CPU.Build.0 = Debug|Any CPU
		{F185E8E6-860C-475C-9232-62FDD4080279}.Release|Any CPU.ActiveCfg = Release|Any CPU
		{F185E8E6-860C-475C-9232-62FDD4080279}.Release|Any CPU.Build.0 = Release|Any CPU
		{684A5BDE-A8AF-48DF-A5E4-B028A486DFBF}.Debug|Any CPU.ActiveCfg = Debug|Any CPU
		{684A5BDE-A8AF-48DF-A5E4-B028A486DFBF}.Debug|Any CPU.Build.0 = Debug|Any CPU
		{684A5BDE-A8AF-48DF-A5E4-B028A486DFBF}.Release|Any CPU.ActiveCfg = Release|Any CPU
		{684A5BDE-A8AF-48DF-A5E4-B028A486DFBF}.Release|Any CPU.Build.0 = Release|Any CPU
	EndGlobalSection
	GlobalSection(SolutionProperties) = preSolution
		HideSolutionNode = FALSE
	EndGlobalSection
	GlobalSection(ExtensibilityGlobals) = postSolution
		SolutionGuid = {E121ECAE-8936-4130-867F-3CB3366C2F05}
	EndGlobalSection
EndGlobal
